// !$*UTF8*$!
{
	archiveVersion = 1;
	classes = {
	};
	objectVersion = 56;
	objects = {

/* Begin PBXBuildFile section */
		A10000000000000000000001 /* AksharaApp.swift in Sources */ = {isa = PBXBuildFile; fileRef = A20000000000000000000001 /* AksharaApp.swift */; };
		A10000000000000000000002 /* OnboardingView.swift in Sources */ = {isa = PBXBuildFile; fileRef = A20000000000000000000002 /* OnboardingView.swift */; };
		A10000000000000000000003 /* SinhalaEngine.swift in Sources */ = {isa = PBXBuildFile; fileRef = A20000000000000000000003 /* SinhalaEngine.swift */; };
		A10000000000000000000004 /* KeyboardViewController.swift in Sources */ = {isa = PBXBuildFile; fileRef = A20000000000000000000004 /* KeyboardViewController.swift */; };
		A10000000000000000000005 /* SinhalaEngine.swift in Sources */ = {isa = PBXBuildFile; fileRef = A20000000000000000000003 /* SinhalaEngine.swift */; };
		A10000000000000000000006 /* AksharaKeyboard.appex in Embed App Extensions */ = {isa = PBXBuildFile; fileRef = A20000000000000000000006 /* AksharaKeyboard.appex */; settings = {ATTRIBUTES = (RemoveHeadersOnCopy, ); }; };
		A10000000000000000000007 /* KeyboardPreferences.swift in Sources */ = {isa = PBXBuildFile; fileRef = A20000000000000000000009 /* KeyboardPreferences.swift */; };
		A10000000000000000000008 /* KeyboardPreferences.swift in Sources */ = {isa = PBXBuildFile; fileRef = A20000000000000000000009 /* KeyboardPreferences.swift */; };
		A10000000000000000000009 /* Assets.xcassets in Resources */ = {isa = PBXBuildFile; fileRef = A20000000000000000000012 /* Assets.xcassets */; };
		A10000000000000000000010 /* EmojiSearchIndex.json in Resources */ = {isa = PBXBuildFile; fileRef = A20000000000000000000013 /* EmojiSearchIndex.json */; };
		A10000000000000000000011 /* SinhalaPrediction.swift in Sources */ = {isa = PBXBuildFile; fileRef = A20000000000000000000014 /* SinhalaPrediction.swift */; };
		A10000000000000000000012 /* SinhalaPrediction.swift in Sources */ = {isa = PBXBuildFile; fileRef = A20000000000000000000014 /* SinhalaPrediction.swift */; };
		A10000000000000000000013 /* Resources/SinhalaFrequencyModel.tsv in Resources */ = {isa = PBXBuildFile; fileRef = A20000000000000000000015 /* Resources/SinhalaFrequencyModel.tsv */; };
		A10000000000000000000014 /* Resources/SinhalaNextWordModel.tsv in Resources */ = {isa = PBXBuildFile; fileRef = A20000000000000000000016 /* Resources/SinhalaNextWordModel.tsv */; };
		A10000000000000000000015 /* Resources/SinhalaTrigramModel.tsv in Resources */ = {isa = PBXBuildFile; fileRef = A20000000000000000000017 /* Resources/SinhalaTrigramModel.tsv */; };
		A10000000000000000000016 /* Resources/SinhalaSentenceStartModel.tsv in Resources */ = {isa = PBXBuildFile; fileRef = A20000000000000000000018 /* Resources/SinhalaSentenceStartModel.tsv */; };
/* End PBXBuildFile section */

/* Begin PBXContainerItemProxy section */
		A70000000000000000000002 /* PBXContainerItemProxy */ = {
			isa = PBXContainerItemProxy;
			containerPortal = A80000000000000000000001 /* Project object */;
			proxyType = 1;
			remoteGlobalIDString = A50000000000000000000002;
			remoteInfo = AksharaKeyboard;
		};
/* End PBXContainerItemProxy section */

/* Begin PBXCopyFilesBuildPhase section */
		A30000000000000000000001 /* Embed App Extensions */ = {
			isa = PBXCopyFilesBuildPhase;
			buildActionMask = 2147483647;
			dstPath = "";
			dstSubfolderSpec = 13;
			files = (
				A10000000000000000000006 /* AksharaKeyboard.appex in Embed App Extensions */,
			);
			name = "Embed App Extensions";
			runOnlyForDeploymentPostprocessing = 0;
		};
/* End PBXCopyFilesBuildPhase section */

/* Begin PBXFileReference section */
		A20000000000000000000001 /* AksharaApp.swift */ = {isa = PBXFileReference; lastKnownFileType = sourcecode.swift; path = AksharaApp.swift; sourceTree = "<group>"; };
		A20000000000000000000002 /* OnboardingView.swift */ = {isa = PBXFileReference; lastKnownFileType = sourcecode.swift; path = OnboardingView.swift; sourceTree = "<group>"; };
		A20000000000000000000003 /* SinhalaEngine.swift */ = {isa = PBXFileReference; lastKnownFileType = sourcecode.swift; path = SinhalaEngine.swift; sourceTree = "<group>"; };
		A20000000000000000000004 /* KeyboardViewController.swift */ = {isa = PBXFileReference; lastKnownFileType = sourcecode.swift; path = KeyboardViewController.swift; sourceTree = "<group>"; };
		A20000000000000000000005 /* Akshara.app */ = {isa = PBXFileReference; explicitFileType = wrapper.application; includeInIndex = 0; path = Akshara.app; sourceTree = BUILT_PRODUCTS_DIR; };
		A20000000000000000000006 /* AksharaKeyboard.appex */ = {isa = PBXFileReference; explicitFileType = "wrapper.app-extension"; includeInIndex = 0; path = AksharaKeyboard.appex; sourceTree = BUILT_PRODUCTS_DIR; };
		A20000000000000000000007 /* Info.plist */ = {isa = PBXFileReference; lastKnownFileType = text.plist.xml; path = Info.plist; sourceTree = "<group>"; };
		A20000000000000000000008 /* Info.plist */ = {isa = PBXFileReference; lastKnownFileType = text.plist.xml; path = Info.plist; sourceTree = "<group>"; };
		A20000000000000000000009 /* KeyboardPreferences.swift */ = {isa = PBXFileReference; lastKnownFileType = sourcecode.swift; path = KeyboardPreferences.swift; sourceTree = "<group>"; };
		A20000000000000000000010 /* Akshara.entitlements */ = {isa = PBXFileReference; lastKnownFileType = text.plist.entitlements; path = Akshara.entitlements; sourceTree = "<group>"; };
		A20000000000000000000011 /* AksharaKeyboard.entitlements */ = {isa = PBXFileReference; lastKnownFileType = text.plist.entitlements; path = AksharaKeyboard.entitlements; sourceTree = "<group>"; };
		A20000000000000000000012 /* Assets.xcassets */ = {isa = PBXFileReference; lastKnownFileType = folder.assetcatalog; path = Assets.xcassets; sourceTree = "<group>"; };
		A20000000000000000000013 /* EmojiSearchIndex.json */ = {isa = PBXFileReference; lastKnownFileType = text.json; path = EmojiSearchIndex.json; sourceTree = "<group>"; };
		A20000000000000000000014 /* SinhalaPrediction.swift */ = {isa = PBXFileReference; lastKnownFileType = sourcecode.swift; path = SinhalaPrediction.swift; sourceTree = "<group>"; };
		A20000000000000000000015 /* Resources/SinhalaFrequencyModel.tsv */ = {isa = PBXFileReference; lastKnownFileType = text; path = Resources/SinhalaFrequencyModel.tsv; sourceTree = "<group>"; };
		A20000000000000000000016 /* Resources/SinhalaNextWordModel.tsv */ = {isa = PBXFileReference; lastKnownFileType = text; path = Resources/SinhalaNextWordModel.tsv; sourceTree = "<group>"; };
		A20000000000000000000017 /* Resources/SinhalaTrigramModel.tsv */ = {isa = PBXFileReference; lastKnownFileType = text; path = Resources/SinhalaTrigramModel.tsv; sourceTree = "<group>"; };
		A20000000000000000000018 /* Resources/SinhalaSentenceStartModel.tsv */ = {isa = PBXFileReference; lastKnownFileType = text; path = Resources/SinhalaSentenceStartModel.tsv; sourceTree = "<group>"; };
/* End PBXFileReference section */

/* Begin PBXFrameworksBuildPhase section */
		A30000000000000000000002 /* Frameworks */ = {
			isa = PBXFrameworksBuildPhase;
			buildActionMask = 2147483647;
			files = (
			);
			runOnlyForDeploymentPostprocessing = 0;
		};
		A30000000000000000000003 /* Frameworks */ = {
			isa = PBXFrameworksBuildPhase;
			buildActionMask = 2147483647;
			files = (
			);
			runOnlyForDeploymentPostprocessing = 0;
		};
/* End PBXFrameworksBuildPhase section */

/* Begin PBXGroup section */
		A40000000000000000000001 = {
			isa = PBXGroup;
			children = (
				A40000000000000000000002 /* Akshara */,
				A40000000000000000000003 /* AksharaKeyboard */,
				A40000000000000000000004 /* Shared */,
				A40000000000000000000005 /* Products */,
			);
			sourceTree = "<group>";
		};
		A40000000000000000000002 /* Akshara */ = {
			isa = PBXGroup;
			children = (
				A20000000000000000000001 /* AksharaApp.swift */,
				A20000000000000000000002 /* OnboardingView.swift */,
				A20000000000000000000010 /* Akshara.entitlements */,
				A20000000000000000000012 /* Assets.xcassets */,
				A20000000000000000000007 /* Info.plist */,
			);
			path = Akshara;
			sourceTree = "<group>";
		};
		A40000000000000000000003 /* AksharaKeyboard */ = {
			isa = PBXGroup;
			children = (
				A20000000000000000000004 /* KeyboardViewController.swift */,
				A20000000000000000000013 /* EmojiSearchIndex.json */,
				A20000000000000000000015 /* Resources/SinhalaFrequencyModel.tsv */,
				A20000000000000000000016 /* Resources/SinhalaNextWordModel.tsv */,
				A20000000000000000000017 /* Resources/SinhalaTrigramModel.tsv */,
				A20000000000000000000018 /* Resources/SinhalaSentenceStartModel.tsv */,
				A20000000000000000000011 /* AksharaKeyboard.entitlements */,
				A20000000000000000000008 /* Info.plist */,
			);
			path = AksharaKeyboard;
			sourceTree = "<group>";
		};
		A40000000000000000000004 /* Shared */ = {
			isa = PBXGroup;
			children = (
				A20000000000000000000003 /* SinhalaEngine.swift */,
				A20000000000000000000009 /* KeyboardPreferences.swift */,
				A20000000000000000000014 /* SinhalaPrediction.swift */,
			);
			path = Shared;
			sourceTree = "<group>";
		};
		A40000000000000000000005 /* Products */ = {
			isa = PBXGroup;
			children = (
				A20000000000000000000005 /* Akshara.app */,
				A20000000000000000000006 /* AksharaKeyboard.appex */,
			);
			name = Products;
			sourceTree = "<group>";
		};
/* End PBXGroup section */

/* Begin PBXNativeTarget section */
		A50000000000000000000001 /* Akshara */ = {
			isa = PBXNativeTarget;
			buildConfigurationList = A60000000000000000000001 /* Build configuration list for PBXNativeTarget "Akshara" */;
			buildPhases = (
				A30000000000000000000002 /* Frameworks */,
				A30000000000000000000004 /* Sources */,
				A30000000000000000000006 /* Resources */,
				A30000000000000000000001 /* Embed App Extensions */,
			);
			buildRules = (
			);
			dependencies = (
				A70000000000000000000001 /* PBXTargetDependency */,
			);
			name = Akshara;
			productName = Akshara;
			productReference = A20000000000000000000005 /* Akshara.app */;
			productType = "com.apple.product-type.application";
		};
		A50000000000000000000002 /* AksharaKeyboard */ = {
			isa = PBXNativeTarget;
			buildConfigurationList = A60000000000000000000002 /* Build configuration list for PBXNativeTarget "AksharaKeyboard" */;
			buildPhases = (
				A30000000000000000000003 /* Frameworks */,
				A30000000000000000000005 /* Sources */,
				A30000000000000000000007 /* Resources */,
			);
			buildRules = (
			);
			dependencies = (
			);
			name = AksharaKeyboard;
			productName = AksharaKeyboard;
			productReference = A20000000000000000000006 /* AksharaKeyboard.appex */;
			productType = "com.apple.product-type.app-extension";
		};
/* End PBXNativeTarget section */

/* Begin PBXProject section */
		A80000000000000000000001 /* Project object */ = {
			isa = PBXProject;
			attributes = {
				BuildIndependentTargetsInParallel = 1;
				LastSwiftUpdateCheck = 1600;
				LastUpgradeCheck = 1600;
				TargetAttributes = {
					A50000000000000000000001 = {
						CreatedOnToolsVersion = 16.0;
					};
					A50000000000000000000002 = {
						CreatedOnToolsVersion = 16.0;
					};
				};
			};
			buildConfigurationList = A60000000000000000000003 /* Build configuration list for PBXProject "AksharaKeyboard" */;
			compatibilityVersion = "Xcode 14.0";
			developmentRegion = en;
			hasScannedForEncodings = 0;
			knownRegions = (
				en,
				Base,
			);
			mainGroup = A40000000000000000000001;
			productRefGroup = A40000000000000000000005 /* Products */;
			projectDirPath = "";
			projectRoot = "";
			targets = (
				A50000000000000000000001 /* Akshara */,
				A50000000000000000000002 /* AksharaKeyboard */,
			);
		};
/* End PBXProject section */

/* Begin PBXResourcesBuildPhase section */
		A30000000000000000000006 /* Resources */ = {
			isa = PBXResourcesBuildPhase;
			buildActionMask = 2147483647;
			files = (
				A10000000000000000000009 /* Assets.xcassets in Resources */,
			);
			runOnlyForDeploymentPostprocessing = 0;
		};
		A30000000000000000000007 /* Resources */ = {
			isa = PBXResourcesBuildPhase;
			buildActionMask = 2147483647;
			files = (
				A10000000000000000000010 /* EmojiSearchIndex.json in Resources */,
				A10000000000000000000013 /* Resources/SinhalaFrequencyModel.tsv in Resources */,
				A10000000000000000000014 /* Resources/SinhalaNextWordModel.tsv in Resources */,
				A10000000000000000000015 /* Resources/SinhalaTrigramModel.tsv in Resources */,
				A10000000000000000000016 /* Resources/SinhalaSentenceStartModel.tsv in Resources */,
			);
			runOnlyForDeploymentPostprocessing = 0;
		};
/* End PBXResourcesBuildPhase section */

/* Begin PBXSourcesBuildPhase section */
		A30000000000000000000004 /* Sources */ = {
			isa = PBXSourcesBuildPhase;
			buildActionMask = 2147483647;
			files = (
				A10000000000000000000001 /* AksharaApp.swift in Sources */,
				A10000000000000000000002 /* OnboardingView.swift in Sources */,
				A10000000000000000000003 /* SinhalaEngine.swift in Sources */,
				A10000000000000000000007 /* KeyboardPreferences.swift in Sources */,
				A10000000000000000000011 /* SinhalaPrediction.swift in Sources */,
			);
			runOnlyForDeploymentPostprocessing = 0;
		};
		A30000000000000000000005 /* Sources */ = {
			isa = PBXSourcesBuildPhase;
			buildActionMask = 2147483647;
			files = (
				A10000000000000000000004 /* KeyboardViewController.swift in Sources */,
				A10000000000000000000005 /* SinhalaEngine.swift in Sources */,
				A10000000000000000000008 /* KeyboardPreferences.swift in Sources */,
				A10000000000000000000012 /* SinhalaPrediction.swift in Sources */,
			);
			runOnlyForDeploymentPostprocessing = 0;
		};
/* End PBXSourcesBuildPhase section */

/* Begin PBXTargetDependency section */
		A70000000000000000000001 /* PBXTargetDependency */ = {
			isa = PBXTargetDependency;
			target = A50000000000000000000002 /* AksharaKeyboard */;
			targetProxy = A70000000000000000000002 /* PBXContainerItemProxy */;
		};
/* End PBXTargetDependency section */

/* Begin XCBuildConfiguration section */
		A90000000000000000000001 /* Debug */ = {
			isa = XCBuildConfiguration;
			buildSettings = {
				CLANG_ENABLE_MODULES = YES;
				IPHONEOS_DEPLOYMENT_TARGET = 16.0;
				SWIFT_VERSION = 5.0;
			};
			name = Debug;
		};
		A90000000000000000000002 /* Release */ = {
			isa = XCBuildConfiguration;
			buildSettings = {
				CLANG_ENABLE_MODULES = YES;
				IPHONEOS_DEPLOYMENT_TARGET = 16.0;
				SWIFT_VERSION = 5.0;
			};
			name = Release;
		};
		A90000000000000000000003 /* Debug */ = {
			isa = XCBuildConfiguration;
			buildSettings = {
				ASSETCATALOG_COMPILER_APPICON_NAME = AppIcon;
				CODE_SIGN_ENTITLEMENTS = Akshara/Akshara.entitlements;
				CODE_SIGN_STYLE = Automatic;
				DEVELOPMENT_TEAM = 8292UX7379;
				GENERATE_INFOPLIST_FILE = NO;
				INFOPLIST_FILE = Akshara/Info.plist;
				PRODUCT_BUNDLE_IDENTIFIER = lk.org.akshara.keyboard;
				PRODUCT_NAME = "$(TARGET_NAME)";
				SDKROOT = iphoneos;
				TARGETED_DEVICE_FAMILY = "1,2";
			};
			name = Debug;
		};
		A90000000000000000000004 /* Release */ = {
			isa = XCBuildConfiguration;
			buildSettings = {
				ASSETCATALOG_COMPILER_APPICON_NAME = AppIcon;
				CODE_SIGN_ENTITLEMENTS = Akshara/Akshara.entitlements;
				CODE_SIGN_STYLE = Automatic;
				DEVELOPMENT_TEAM = 8292UX7379;
				GENERATE_INFOPLIST_FILE = NO;
				INFOPLIST_FILE = Akshara/Info.plist;
				PRODUCT_BUNDLE_IDENTIFIER = lk.org.akshara.keyboard;
				PRODUCT_NAME = "$(TARGET_NAME)";
				SDKROOT = iphoneos;
				TARGETED_DEVICE_FAMILY = "1,2";
			};
			name = Release;
		};
		A90000000000000000000005 /* Debug */ = {
			isa = XCBuildConfiguration;
			buildSettings = {
				CODE_SIGN_ENTITLEMENTS = AksharaKeyboard/AksharaKeyboard.entitlements;
				CODE_SIGN_STYLE = Automatic;
				DEVELOPMENT_TEAM = 8292UX7379;
				GENERATE_INFOPLIST_FILE = NO;
				INFOPLIST_FILE = AksharaKeyboard/Info.plist;
				PRODUCT_BUNDLE_IDENTIFIER = lk.org.akshara.keyboard.extension;
				PRODUCT_NAME = "$(TARGET_NAME)";
				SDKROOT = iphoneos;
				SKIP_INSTALL = YES;
				TARGETED_DEVICE_FAMILY = "1,2";
			};
			name = Debug;
		};
		A90000000000000000000006 /* Release */ = {
			isa = XCBuildConfiguration;
			buildSettings = {
				CODE_SIGN_ENTITLEMENTS = AksharaKeyboard/AksharaKeyboard.entitlements;
				CODE_SIGN_STYLE = Automatic;
				DEVELOPMENT_TEAM = 8292UX7379;
				GENERATE_INFOPLIST_FILE = NO;
				INFOPLIST_FILE = AksharaKeyboard/Info.plist;
				PRODUCT_BUNDLE_IDENTIFIER = lk.org.akshara.keyboard.extension;
				PRODUCT_NAME = "$(TARGET_NAME)";
				SDKROOT = iphoneos;
				SKIP_INSTALL = YES;
				TARGETED_DEVICE_FAMILY = "1,2";
			};
			name = Release;
		};
/* End XCBuildConfiguration section */

/* Begin XCConfigurationList section */
		A60000000000000000000001 /* Build configuration list for PBXNativeTarget "Akshara" */ = {
			isa = XCConfigurationList;
			buildConfigurations = (
				A90000000000000000000003 /* Debug */,
				A90000000000000000000004 /* Release */,
			);
			defaultConfigurationIsVisible = 0;
			defaultConfigurationName = Release;
		};
		A60000000000000000000002 /* Build configuration list for PBXNativeTarget "AksharaKeyboard" */ = {
			isa = XCConfigurationList;
			buildConfigurations = (
				A90000000000000000000005 /* Debug */,
				A90000000000000000000006 /* Release */,
			);
			defaultConfigurationIsVisible = 0;
			defaultConfigurationName = Release;
		};
		A60000000000000000000003 /* Build configuration list for PBXProject "AksharaKeyboard" */ = {
			isa = XCConfigurationList;
			buildConfigurations = (
				A90000000000000000000001 /* Debug */,
				A90000000000000000000002 /* Release */,
			);
			defaultConfigurationIsVisible = 0;
			defaultConfigurationName = Release;
		};
/* End XCConfigurationList section */
	};
	rootObject = A80000000000000000000001 /* Project object */;
}
